
Microsoft Visual Studio Solution File, Format Version 12.00
# Visual Studio Version 17
VisualStudioVersion = 17.5.002.0
MinimumVisualStudioVersion = 10.0.40219.1
Project("{9A19103F-16F7-4668-BE54-9A1E7A4F7556}") = "WebRouteEndPoints", "WebRouteEndPoints.csproj", "{4F642BF3-C325-491D-B723-3D34D4EADCE1}"
EndProject
Global
	GlobalSection(SolutionConfigurationPlatforms) = preSolution
		Debug|Any CPU = Debug|Any CPU
		Release|Any CPU = Release|Any CPU
	EndGlobalSection
	GlobalSection(ProjectConfigurationPlatforms) = postSolution
		{4F642BF3-C325-491D-B723-3D34D4EADCE1}.Debug|Any CPU.ActiveCfg = Debug|Any CPU
		{4F642BF3-C325-491D-B723-3D34D4EADCE1}.Debug|Any CPU.Build.0 = Debug|Any CPU
		{4F642BF3-C325-491D-B723-3D34D4EADCE1}.Release|Any CPU.ActiveCfg = Release|Any CPU
		{4F642BF3-C325-491D-B723-3D34D4EADCE1}.Release|Any CPU.Build.0 = Release|Any CPU
	EndGlobalSection
	GlobalSection(SolutionProperties) = preSolution
		HideSolutionNode = FALSE
	EndGlobalSection
	GlobalSection(ExtensibilityGlobals) = postSolution
		SolutionGuid = {445357D1-6BBA-45F4-AB71-B28EDD2209C7}
	EndGlobalSection
EndGlobal
