
Microsoft Visual Studio Solution File, Format Version 12.00
# Visual Studio Version 17
VisualStudioVersion = 17.5.002.0
MinimumVisualStudioVersion = 10.0.40219.1
Project("{9A19103F-16F7-4668-BE54-9A1E7A4F7556}") = "RESTWebApiSwagger", "RESTWebApiSwagger.csproj", "{64378022-B848-4DC3-9165-286F15E9AFFD}"
EndProject
Global
	GlobalSection(SolutionConfigurationPlatforms) = preSolution
		Debug|Any CPU = Debug|Any CPU
		Release|Any CPU = Release|Any CPU
	EndGlobalSection
	GlobalSection(ProjectConfigurationPlatforms) = postSolution
		{64378022-B848-4DC3-9165-286F15E9AFFD}.Debug|Any CPU.ActiveCfg = Debug|Any CPU
		{64378022-B848-4DC3-9165-286F15E9AFFD}.Debug|Any CPU.Build.0 = Debug|Any CPU
		{64378022-B848-4DC3-9165-286F15E9AFFD}.Release|Any CPU.ActiveCfg = Release|Any CPU
		{64378022-B848-4DC3-9165-286F15E9AFFD}.Release|Any CPU.Build.0 = Release|Any CPU
	EndGlobalSection
	GlobalSection(SolutionProperties) = preSolution
		HideSolutionNode = FALSE
	EndGlobalSection
	GlobalSection(ExtensibilityGlobals) = postSolution
		SolutionGuid = {6BAFD2AE-319A-4B03-B949-5D0E127F95E6}
	EndGlobalSection
EndGlobal
